<?xml version="1.0" encoding="utf-8"?>
<Project ToolsVersion="4.0" xmlns="http://schemas.microsoft.com/developer/msbuild/2003">
  <ItemGroup>
    <Filter Include="Source Files">
      <UniqueIdentifier>{4FC737F1-C7A5-4376-A066-2A32D752A2FF}</UniqueIdentifier>
      <Extensions>cpp;c;cc;cxx;c++;cppm;ixx;def;odl;idl;hpj;bat;asm;asmx</Extensions>
    </Filter>
    <Filter Include="Header Files">
      <UniqueIdentifier>{93995380-89BD-4b04-88EB-625FBE52EBFB}</UniqueIdentifier>
      <Extensions>h;hh;hpp;hxx;h++;hm;inl;inc;ipp;xsd</Extensions>
    </Filter>
    <Filter Include="Resource Files">
      <UniqueIdentifier>{67DA6AB6-F800-4c08-8B7A-83BB121AAD01}</UniqueIdentifier>
      <Extensions>rc;ico;cur;bmp;dlg;rc2;rct;bin;rgs;gif;jpg;jpeg;jpe;resx;tiff;tif;png;wav;mfcribbon-ms</Extensions>
    </Filter>
  </ItemGroup>
  <ItemGroup>
    <ClCompile Include="counter.cpp">
      <Filter>Source Files</Filter>
    </ClCompile>
    <ClCompile Include="schoolnet iterative.cpp">
      <Filter>Source Files</Filter>
    </ClCompile>
    <ClCompile Include="schoolnet recursive.cpp">
      <Filter>Source Files</Filter>
    </ClCompile>
    <ClCompile Include="Tree Matching.cpp">
      <Filter>Source Files</Filter>
    </ClCompile>
    <ClCompile Include="gamewithcards.cpp">
      <Filter>Source Files</Filter>
    </ClCompile>
    <ClCompile Include="Subordinates.cpp">
      <Filter>Source Files</Filter>
    </ClCompile>
    <ClCompile Include="Minimum Euclidean Distance.cpp">
      <Filter>Source Files</Filter>
    </ClCompile>
    <ClCompile Include="Sliding Window Cost.cpp">
      <Filter>Source Files</Filter>
    </ClCompile>
    <ClCompile Include="Subarray Distinct Values.cpp">
      <Filter>Source Files</Filter>
    </ClCompile>
    <ClCompile Include="HaybaleDistribution.cpp">
      <Filter>Source Files</Filter>
    </ClCompile>
    <ClCompile Include="Freefall.cpp">
      <Filter>Source Files</Filter>
    </ClCompile>
    <ClCompile Include="PairedUp.cpp">
      <Filter>Source Files</Filter>
    </ClCompile>
    <ClCompile Include="They Are Everywhere.cpp">
      <Filter>Source Files</Filter>
    </ClCompile>
    <ClCompile Include="Movie Festival II.cpp">
      <Filter>Source Files</Filter>
    </ClCompile>
    <ClCompile Include="cocktails.cpp">
      <Filter>Source Files</Filter>
    </ClCompile>
    <ClCompile Include="cgiving.cpp">
      <Filter>Source Files</Filter>
    </ClCompile>
    <ClCompile Include="FlightDiscount.cpp">
      <Filter>Source Files</Filter>
    </ClCompile>
    <ClCompile Include="Knapsack.cpp">
      <Filter>Source Files</Filter>
    </ClCompile>
    <ClCompile Include="BankNotes.cpp">
      <Filter>Source Files</Filter>
    </ClCompile>
    <ClCompile Include="tournament.cpp">
      <Filter>Source Files</Filter>
    </ClCompile>
    <ClCompile Include="filiki.cpp">
      <Filter>Source Files</Filter>
    </ClCompile>
    <ClCompile Include="evencycle.cpp">
      <Filter>Source Files</Filter>
    </ClCompile>
    <ClCompile Include="CowRun.cpp">
      <Filter>Source Files</Filter>
    </ClCompile>
    <ClCompile Include="restaurants.cpp">
      <Filter>Source Files</Filter>
    </ClCompile>
    <ClCompile Include="seti.cpp">
      <Filter>Source Files</Filter>
    </ClCompile>
    <ClCompile Include="hydrocarbons.cpp">
      <Filter>Source Files</Filter>
    </ClCompile>
    <ClCompile Include="MilkPumping.cpp">
      <Filter>Source Files</Filter>
    </ClCompile>
  </ItemGroup>
</Project>